PODS:
  - AFNetworking (2.5.4):
    - AFNetworking/NSURLConnection (= 2.5.4)
    - AFNetworking/NSURLSession (= 2.5.4)
    - AFNetworking/Reachability (= 2.5.4)
    - AFNetworking/Security (= 2.5.4)
    - AFNetworking/Serialization (= 2.5.4)
    - AFNetworking/UIKit (= 2.5.4)
  - AFNetworking/NSURLConnection (2.5.4):
    - AFNetworking/Reachability
    - AFNetworking/Security
    - AFNetworking/Serialization
  - AFNetworking/NSURLSession (2.5.4):
    - AFNetworking/Reachability
    - AFNetworking/Security
    - AFNetworking/Serialization
  - AFNetworking/Reachability (2.5.4)
  - AFNetworking/Security (2.5.4)
  - AFNetworking/Serialization (2.5.4)
  - AFNetworking/UIKit (2.5.4):
    - AFNetworking/NSURLConnection
    - AFNetworking/NSURLSession
  - Colours (5.6.2)
  - MBProgressHUD (0.9.1)
  - MJExtension (2.1.1)
  - MJRefresh (1.4.6)
  - SDWebImage (3.7.2):
    - SDWebImage/Core (= 3.7.2)
  - SDWebImage/Core (3.7.2)

DEPENDENCIES:
  - AFNetworking (~> 2.5.4)
  - Colours
  - MBProgressHUD
  - MJExtension
  - MJRefresh
  - SDWebImage (~> 3.7.2)

SPEC CHECKSUMS:
  AFNetworking: 05edc0ac4c4c8cf57bcf4b84be5b0744b6d8e71e
  Colours: 0afd4c3429656880fd4cff350ca3bf0ab86ca348
  MBProgressHUD: c47f2c166c126cf2ce36498d80f33e754d4e93ad
  MJExtension: 4b8a628ec7764a4b3c6c0e7261ec0687cf32ff20
  MJRefresh: 2eaa3fd8f67fbb86497840fb0167446f7eb61dc7
  SDWebImage: 71b7cdc1d1721d6a82ed62889030225f2c249e29

COCOAPODS: 0.36.0
