// !$*UTF8*$!
{
	archiveVersion = 1;
	classes = {
	};
	objectVersion = 46;
	objects = {

/* Begin PBXBuildFile section */
		85208FAEB50CB711415462DE /* libPods-WYNews.a in Frameworks */ = {isa = PBXBuildFile; fileRef = 78636776C4DE3C1CBAFBE0BE /* libPods-WYNews.a */; };
		B2073C651B269916000AFB1E /* WYDefaultNewsCell.m in Sources */ = {isa = PBXBuildFile; fileRef = B2073C641B269916000AFB1E /* WYDefaultNewsCell.m */; };
		B2073C671B26C917000AFB1E /* DefaultNews.xib in Resources */ = {isa = PBXBuildFile; fileRef = B2073C661B26C917000AFB1E /* DefaultNews.xib */; };
		B2073C691B26E06A000AFB1E /* ImagesNews.xib in Resources */ = {isa = PBXBuildFile; fileRef = B2073C681B26E06A000AFB1E /* ImagesNews.xib */; };
		B2073C6C1B26E589000AFB1E /* WYBaseNewsCell.m in Sources */ = {isa = PBXBuildFile; fileRef = B2073C6B1B26E589000AFB1E /* WYBaseNewsCell.m */; };
		B2073C6F1B26E7A3000AFB1E /* WYImagesNewsCell.m in Sources */ = {isa = PBXBuildFile; fileRef = B2073C6E1B26E7A3000AFB1E /* WYImagesNewsCell.m */; };
		B2073C721B2723CC000AFB1E /* WYWideImageNewsCell.m in Sources */ = {isa = PBXBuildFile; fileRef = B2073C711B2723CC000AFB1E /* WYWideImageNewsCell.m */; };
		B2073C741B2723FC000AFB1E /* WideImageNews.xib in Resources */ = {isa = PBXBuildFile; fileRef = B2073C731B2723FC000AFB1E /* WideImageNews.xib */; };
		B208ABBE1B395EA50080A401 /* WYNewsDetailVC.m in Sources */ = {isa = PBXBuildFile; fileRef = B208ABBD1B395EA50080A401 /* WYNewsDetailVC.m */; };
		B208ABC71B3962740080A401 /* WYNewsDetail.m in Sources */ = {isa = PBXBuildFile; fileRef = B208ABC61B3962740080A401 /* WYNewsDetail.m */; };
		B21E759E1B325DEE00591D4B /* UIImage+WY.m in Sources */ = {isa = PBXBuildFile; fileRef = B21E759D1B325DEE00591D4B /* UIImage+WY.m */; };
		B25CA4261B208F240077FEB5 /* WYTopic.m in Sources */ = {isa = PBXBuildFile; fileRef = B25CA4251B208F240077FEB5 /* WYTopic.m */; };
		B25CA42A1B208F960077FEB5 /* WYModel.m in Sources */ = {isa = PBXBuildFile; fileRef = B25CA4291B208F960077FEB5 /* WYModel.m */; };
		B29013EA1B1562F400A9229F /* NewsURLs.plist in Resources */ = {isa = PBXBuildFile; fileRef = B29013E91B1562F400A9229F /* NewsURLs.plist */; };
		B29013ED1B15641000A9229F /* WYCategoryLabel.m in Sources */ = {isa = PBXBuildFile; fileRef = B29013EC1B15641000A9229F /* WYCategoryLabel.m */; };
		B29013F21B1573A400A9229F /* WYTopicScrollView.m in Sources */ = {isa = PBXBuildFile; fileRef = B29013F11B1573A400A9229F /* WYTopicScrollView.m */; };
		B29013F51B15A70800A9229F /* WYNewsScrollView.m in Sources */ = {isa = PBXBuildFile; fileRef = B29013F41B15A70800A9229F /* WYNewsScrollView.m */; };
		B29013FB1B15A93B00A9229F /* WYBaseScrollView.m in Sources */ = {isa = PBXBuildFile; fileRef = B29013FA1B15A93B00A9229F /* WYBaseScrollView.m */; };
		B29013FE1B15AB0E00A9229F /* WYNewsTableController.m in Sources */ = {isa = PBXBuildFile; fileRef = B29013FD1B15AB0E00A9229F /* WYNewsTableController.m */; };
		B29014021B15C25D00A9229F /* WYNetwork.m in Sources */ = {isa = PBXBuildFile; fileRef = B29014011B15C25D00A9229F /* WYNetwork.m */; };
		B29014061B15C86700A9229F /* WYtool.m in Sources */ = {isa = PBXBuildFile; fileRef = B29014051B15C86700A9229F /* WYtool.m */; };
		B29014091B15D9E700A9229F /* WYNews.m in Sources */ = {isa = PBXBuildFile; fileRef = B29014081B15D9E700A9229F /* WYNews.m */; };
		B2A600011B4126E400D0F4C2 /* WYCategoryButton.m in Sources */ = {isa = PBXBuildFile; fileRef = B2A600001B4126E400D0F4C2 /* WYCategoryButton.m */; };
		B2E5CE861B14728E0061EC8B /* main.m in Sources */ = {isa = PBXBuildFile; fileRef = B2E5CE851B14728E0061EC8B /* main.m */; };
		B2E5CE891B14728E0061EC8B /* AppDelegate.m in Sources */ = {isa = PBXBuildFile; fileRef = B2E5CE881B14728E0061EC8B /* AppDelegate.m */; };
		B2E5CE911B14728E0061EC8B /* Images.xcassets in Resources */ = {isa = PBXBuildFile; fileRef = B2E5CE901B14728E0061EC8B /* Images.xcassets */; };
		B2E5CE941B14728E0061EC8B /* LaunchScreen.xib in Resources */ = {isa = PBXBuildFile; fileRef = B2E5CE921B14728E0061EC8B /* LaunchScreen.xib */; };
		B2E5CEA01B14728E0061EC8B /* WYNewsTests.m in Sources */ = {isa = PBXBuildFile; fileRef = B2E5CE9F1B14728E0061EC8B /* WYNewsTests.m */; };
		B2E5CED21B147AB60061EC8B /* WYNewsMainVC.m in Sources */ = {isa = PBXBuildFile; fileRef = B2E5CEC41B147AB60061EC8B /* WYNewsMainVC.m */; };
		B2E5CED51B147ACB0061EC8B /* WYDiscoverVC.m in Sources */ = {isa = PBXBuildFile; fileRef = B2E5CED41B147ACB0061EC8B /* WYDiscoverVC.m */; };
		B2E5CED81B147ADB0061EC8B /* WYMeVC.m in Sources */ = {isa = PBXBuildFile; fileRef = B2E5CED71B147ADB0061EC8B /* WYMeVC.m */; };
		B2E5CEDB1B147AF00061EC8B /* WYReadVC.m in Sources */ = {isa = PBXBuildFile; fileRef = B2E5CEDA1B147AF00061EC8B /* WYReadVC.m */; };
		B2E5CEDE1B147AFE0061EC8B /* WYVedioVC.m in Sources */ = {isa = PBXBuildFile; fileRef = B2E5CEDD1B147AFE0061EC8B /* WYVedioVC.m */; };
		B2E5CEE81B1496180061EC8B /* Dock.m in Sources */ = {isa = PBXBuildFile; fileRef = B2E5CEE31B1496180061EC8B /* Dock.m */; };
		B2E5CEE91B1496180061EC8B /* DockController.m in Sources */ = {isa = PBXBuildFile; fileRef = B2E5CEE51B1496180061EC8B /* DockController.m */; };
		B2E5CEEA1B1496180061EC8B /* DockItem.m in Sources */ = {isa = PBXBuildFile; fileRef = B2E5CEE71B1496180061EC8B /* DockItem.m */; };
		B2E5CEED1B1496430061EC8B /* WYMainDockVC.m in Sources */ = {isa = PBXBuildFile; fileRef = B2E5CEEC1B1496430061EC8B /* WYMainDockVC.m */; };
		B2F1B2161B3D2C8900E98F1B /* WYTabbarController.m in Sources */ = {isa = PBXBuildFile; fileRef = B2F1B2151B3D2C8900E98F1B /* WYTabbarController.m */; };
		B2F1B2191B3D2D7200E98F1B /* WYNavigationController.m in Sources */ = {isa = PBXBuildFile; fileRef = B2F1B2181B3D2D7200E98F1B /* WYNavigationController.m */; };
		B2F1E3ED1B20596E006C893F /* WYButtonChooseView.m in Sources */ = {isa = PBXBuildFile; fileRef = B2F1E3E81B20596E006C893F /* WYButtonChooseView.m */; };
		B2F1E3EE1B20596E006C893F /* WYButtonChooseViewController.m in Sources */ = {isa = PBXBuildFile; fileRef = B2F1E3EA1B20596E006C893F /* WYButtonChooseViewController.m */; };
		B2F1E3EF1B20596E006C893F /* WYLabelButton.m in Sources */ = {isa = PBXBuildFile; fileRef = B2F1E3EC1B20596E006C893F /* WYLabelButton.m */; };
		B2F1E3F21B206783006C893F /* WYTopicHeader.m in Sources */ = {isa = PBXBuildFile; fileRef = B2F1E3F11B206783006C893F /* WYTopicHeader.m */; };
		B2F675D91B3A5D0300CCD863 /* ICUTemplateMatcher.m in Sources */ = {isa = PBXBuildFile; fileRef = B2F675CC1B3A5D0300CCD863 /* ICUTemplateMatcher.m */; };
		B2F675DA1B3A5D0300CCD863 /* MGTemplateEngine.m in Sources */ = {isa = PBXBuildFile; fileRef = B2F675CE1B3A5D0300CCD863 /* MGTemplateEngine.m */; };
		B2F675DB1B3A5D0300CCD863 /* MGTemplateStandardFilters.m in Sources */ = {isa = PBXBuildFile; fileRef = B2F675D21B3A5D0300CCD863 /* MGTemplateStandardFilters.m */; };
		B2F675DC1B3A5D0300CCD863 /* MGTemplateStandardMarkers.m in Sources */ = {isa = PBXBuildFile; fileRef = B2F675D41B3A5D0300CCD863 /* MGTemplateStandardMarkers.m */; };
		B2F675DD1B3A5D0300CCD863 /* NSArray_DeepMutableCopy.m in Sources */ = {isa = PBXBuildFile; fileRef = B2F675D61B3A5D0300CCD863 /* NSArray_DeepMutableCopy.m */; };
		B2F675DE1B3A5D0300CCD863 /* NSDictionary_DeepMutableCopy.m in Sources */ = {isa = PBXBuildFile; fileRef = B2F675D81B3A5D0300CCD863 /* NSDictionary_DeepMutableCopy.m */; };
		B2F675E31B3A5D3100CCD863 /* content.css in Resources */ = {isa = PBXBuildFile; fileRef = B2F675E01B3A5D3100CCD863 /* content.css */; };
		B2F675E41B3A5D3100CCD863 /* content.js in Resources */ = {isa = PBXBuildFile; fileRef = B2F675E11B3A5D3100CCD863 /* content.js */; };
		B2F675E51B3A5D3100CCD863 /* content_template.html in Resources */ = {isa = PBXBuildFile; fileRef = B2F675E21B3A5D3100CCD863 /* content_template.html */; };
/* End PBXBuildFile section */

/* Begin PBXContainerItemProxy section */
		B2E5CE9A1B14728E0061EC8B /* PBXContainerItemProxy */ = {
			isa = PBXContainerItemProxy;
			containerPortal = B2E5CE781B14728E0061EC8B /* Project object */;
			proxyType = 1;
			remoteGlobalIDString = B2E5CE7F1B14728E0061EC8B;
			remoteInfo = WYNews;
		};
/* End PBXContainerItemProxy section */

/* Begin PBXFileReference section */
		34775D299C3CD5D204EB20AF /* Pods-WYNews.debug.xcconfig */ = {isa = PBXFileReference; includeInIndex = 1; lastKnownFileType = text.xcconfig; name = "Pods-WYNews.debug.xcconfig"; path = "Pods/Target Support Files/Pods-WYNews/Pods-WYNews.debug.xcconfig"; sourceTree = "<group>"; };
		52982EBDE6C6ACBCFAE34AF3 /* libPods-WYNewsTests.a */ = {isa = PBXFileReference; explicitFileType = archive.ar; includeInIndex = 0; path = "libPods-WYNewsTests.a"; sourceTree = BUILT_PRODUCTS_DIR; };
		78636776C4DE3C1CBAFBE0BE /* libPods-WYNews.a */ = {isa = PBXFileReference; explicitFileType = archive.ar; includeInIndex = 0; path = "libPods-WYNews.a"; sourceTree = BUILT_PRODUCTS_DIR; };
		A2847F4BF61BBD0246FF8DAE /* Pods-WYNews.release.xcconfig */ = {isa = PBXFileReference; includeInIndex = 1; lastKnownFileType = text.xcconfig; name = "Pods-WYNews.release.xcconfig"; path = "Pods/Target Support Files/Pods-WYNews/Pods-WYNews.release.xcconfig"; sourceTree = "<group>"; };
		B2073C631B269916000AFB1E /* WYDefaultNewsCell.h */ = {isa = PBXFileReference; fileEncoding = 4; lastKnownFileType = sourcecode.c.h; path = WYDefaultNewsCell.h; sourceTree = "<group>"; };
		B2073C641B269916000AFB1E /* WYDefaultNewsCell.m */ = {isa = PBXFileReference; fileEncoding = 4; lastKnownFileType = sourcecode.c.objc; path = WYDefaultNewsCell.m; sourceTree = "<group>"; };
		B2073C661B26C917000AFB1E /* DefaultNews.xib */ = {isa = PBXFileReference; fileEncoding = 4; lastKnownFileType = file.xib; path = DefaultNews.xib; sourceTree = "<group>"; };
		B2073C681B26E06A000AFB1E /* ImagesNews.xib */ = {isa = PBXFileReference; fileEncoding = 4; lastKnownFileType = file.xib; path = ImagesNews.xib; sourceTree = "<group>"; };
		B2073C6A1B26E589000AFB1E /* WYBaseNewsCell.h */ = {isa = PBXFileReference; fileEncoding = 4; lastKnownFileType = sourcecode.c.h; path = WYBaseNewsCell.h; sourceTree = "<group>"; };
		B2073C6B1B26E589000AFB1E /* WYBaseNewsCell.m */ = {isa = PBXFileReference; fileEncoding = 4; lastKnownFileType = sourcecode.c.objc; path = WYBaseNewsCell.m; sourceTree = "<group>"; };
		B2073C6D1B26E7A3000AFB1E /* WYImagesNewsCell.h */ = {isa = PBXFileReference; fileEncoding = 4; lastKnownFileType = sourcecode.c.h; path = WYImagesNewsCell.h; sourceTree = "<group>"; };
		B2073C6E1B26E7A3000AFB1E /* WYImagesNewsCell.m */ = {isa = PBXFileReference; fileEncoding = 4; lastKnownFileType = sourcecode.c.objc; path = WYImagesNewsCell.m; sourceTree = "<group>"; };
		B2073C701B2723CC000AFB1E /* WYWideImageNewsCell.h */ = {isa = PBXFileReference; fileEncoding = 4; lastKnownFileType = sourcecode.c.h; path = WYWideImageNewsCell.h; sourceTree = "<group>"; };
		B2073C711B2723CC000AFB1E /* WYWideImageNewsCell.m */ = {isa = PBXFileReference; fileEncoding = 4; lastKnownFileType = sourcecode.c.objc; path = WYWideImageNewsCell.m; sourceTree = "<group>"; };
		B2073C731B2723FC000AFB1E /* WideImageNews.xib */ = {isa = PBXFileReference; fileEncoding = 4; lastKnownFileType = file.xib; path = WideImageNews.xib; sourceTree = "<group>"; };
		B208ABBC1B395EA50080A401 /* WYNewsDetailVC.h */ = {isa = PBXFileReference; fileEncoding = 4; lastKnownFileType = sourcecode.c.h; path = WYNewsDetailVC.h; sourceTree = "<group>"; };
		B208ABBD1B395EA50080A401 /* WYNewsDetailVC.m */ = {isa = PBXFileReference; fileEncoding = 4; lastKnownFileType = sourcecode.c.objc; path = WYNewsDetailVC.m; sourceTree = "<group>"; };
		B208ABC51B3962740080A401 /* WYNewsDetail.h */ = {isa = PBXFileReference; fileEncoding = 4; lastKnownFileType = sourcecode.c.h; path = WYNewsDetail.h; sourceTree = "<group>"; };
		B208ABC61B3962740080A401 /* WYNewsDetail.m */ = {isa = PBXFileReference; fileEncoding = 4; lastKnownFileType = sourcecode.c.objc; path = WYNewsDetail.m; sourceTree = "<group>"; };
		B21E759C1B325DEE00591D4B /* UIImage+WY.h */ = {isa = PBXFileReference; fileEncoding = 4; lastKnownFileType = sourcecode.c.h; path = "UIImage+WY.h"; sourceTree = "<group>"; };
		B21E759D1B325DEE00591D4B /* UIImage+WY.m */ = {isa = PBXFileReference; fileEncoding = 4; lastKnownFileType = sourcecode.c.objc; path = "UIImage+WY.m"; sourceTree = "<group>"; };
		B25CA4231B208E050077FEB5 /* APIInfo.h */ = {isa = PBXFileReference; lastKnownFileType = sourcecode.c.h; path = APIInfo.h; sourceTree = "<group>"; };
		B25CA4241B208F240077FEB5 /* WYTopic.h */ = {isa = PBXFileReference; fileEncoding = 4; lastKnownFileType = sourcecode.c.h; path = WYTopic.h; sourceTree = "<group>"; };
		B25CA4251B208F240077FEB5 /* WYTopic.m */ = {isa = PBXFileReference; fileEncoding = 4; lastKnownFileType = sourcecode.c.objc; path = WYTopic.m; sourceTree = "<group>"; };
		B25CA4281B208F960077FEB5 /* WYModel.h */ = {isa = PBXFileReference; fileEncoding = 4; lastKnownFileType = sourcecode.c.h; path = WYModel.h; sourceTree = "<group>"; };
		B25CA4291B208F960077FEB5 /* WYModel.m */ = {isa = PBXFileReference; fileEncoding = 4; lastKnownFileType = sourcecode.c.objc; path = WYModel.m; sourceTree = "<group>"; };
		B29013E91B1562F400A9229F /* NewsURLs.plist */ = {isa = PBXFileReference; fileEncoding = 4; lastKnownFileType = text.plist.xml; path = NewsURLs.plist; sourceTree = "<group>"; };
		B29013EB1B15641000A9229F /* WYCategoryLabel.h */ = {isa = PBXFileReference; fileEncoding = 4; lastKnownFileType = sourcecode.c.h; path = WYCategoryLabel.h; sourceTree = "<group>"; };
		B29013EC1B15641000A9229F /* WYCategoryLabel.m */ = {isa = PBXFileReference; fileEncoding = 4; lastKnownFileType = sourcecode.c.objc; path = WYCategoryLabel.m; sourceTree = "<group>"; };
		B29013EE1B15655700A9229F /* WYCommon.h */ = {isa = PBXFileReference; lastKnownFileType = sourcecode.c.h; path = WYCommon.h; sourceTree = "<group>"; };
		B29013EF1B1565CE00A9229F /* WYNews-prefix.pch */ = {isa = PBXFileReference; lastKnownFileType = sourcecode.c.h; path = "WYNews-prefix.pch"; sourceTree = "<group>"; };
		B29013F01B1573A400A9229F /* WYTopicScrollView.h */ = {isa = PBXFileReference; fileEncoding = 4; lastKnownFileType = sourcecode.c.h; path = WYTopicScrollView.h; sourceTree = "<group>"; };
		B29013F11B1573A400A9229F /* WYTopicScrollView.m */ = {isa = PBXFileReference; fileEncoding = 4; lastKnownFileType = sourcecode.c.objc; path = WYTopicScrollView.m; sourceTree = "<group>"; };
		B29013F31B15A70800A9229F /* WYNewsScrollView.h */ = {isa = PBXFileReference; fileEncoding = 4; lastKnownFileType = sourcecode.c.h; path = WYNewsScrollView.h; sourceTree = "<group>"; };
		B29013F41B15A70800A9229F /* WYNewsScrollView.m */ = {isa = PBXFileReference; fileEncoding = 4; lastKnownFileType = sourcecode.c.objc; path = WYNewsScrollView.m; sourceTree = "<group>"; };
		B29013F91B15A93B00A9229F /* WYBaseScrollView.h */ = {isa = PBXFileReference; fileEncoding = 4; lastKnownFileType = sourcecode.c.h; path = WYBaseScrollView.h; sourceTree = "<group>"; };
		B29013FA1B15A93B00A9229F /* WYBaseScrollView.m */ = {isa = PBXFileReference; fileEncoding = 4; lastKnownFileType = sourcecode.c.objc; path = WYBaseScrollView.m; sourceTree = "<group>"; };
		B29013FC1B15AB0E00A9229F /* WYNewsTableController.h */ = {isa = PBXFileReference; fileEncoding = 4; lastKnownFileType = sourcecode.c.h; path = WYNewsTableController.h; sourceTree = "<group>"; };
		B29013FD1B15AB0E00A9229F /* WYNewsTableController.m */ = {isa = PBXFileReference; fileEncoding = 4; lastKnownFileType = sourcecode.c.objc; path = WYNewsTableController.m; sourceTree = "<group>"; };
		B29014001B15C25D00A9229F /* WYNetwork.h */ = {isa = PBXFileReference; fileEncoding = 4; lastKnownFileType = sourcecode.c.h; path = WYNetwork.h; sourceTree = "<group>"; };
		B29014011B15C25D00A9229F /* WYNetwork.m */ = {isa = PBXFileReference; fileEncoding = 4; lastKnownFileType = sourcecode.c.objc; path = WYNetwork.m; sourceTree = "<group>"; };
		B29014031B15C4D900A9229F /* Singleton.h */ = {isa = PBXFileReference; fileEncoding = 4; lastKnownFileType = sourcecode.c.h; path = Singleton.h; sourceTree = "<group>"; };
		B29014041B15C86700A9229F /* WYtool.h */ = {isa = PBXFileReference; fileEncoding = 4; lastKnownFileType = sourcecode.c.h; path = WYtool.h; sourceTree = "<group>"; };
		B29014051B15C86700A9229F /* WYtool.m */ = {isa = PBXFileReference; fileEncoding = 4; lastKnownFileType = sourcecode.c.objc; path = WYtool.m; sourceTree = "<group>"; };
		B29014071B15D9E700A9229F /* WYNews.h */ = {isa = PBXFileReference; fileEncoding = 4; lastKnownFileType = sourcecode.c.h; path = WYNews.h; sourceTree = "<group>"; };
		B29014081B15D9E700A9229F /* WYNews.m */ = {isa = PBXFileReference; fileEncoding = 4; lastKnownFileType = sourcecode.c.objc; path = WYNews.m; sourceTree = "<group>"; };
		B2A600001B4126E400D0F4C2 /* WYCategoryButton.m */ = {isa = PBXFileReference; fileEncoding = 4; lastKnownFileType = sourcecode.c.objc; path = WYCategoryButton.m; sourceTree = "<group>"; };
		B2A6FFFF1B4126E400D0F4C2 /* WYCategoryButton.h */ = {isa = PBXFileReference; fileEncoding = 4; lastKnownFileType = sourcecode.c.h; path = WYCategoryButton.h; sourceTree = "<group>"; };
		B2E5CE801B14728E0061EC8B /* WYNews.app */ = {isa = PBXFileReference; explicitFileType = wrapper.application; includeInIndex = 0; path = WYNews.app; sourceTree = BUILT_PRODUCTS_DIR; };
		B2E5CE841B14728E0061EC8B /* Info.plist */ = {isa = PBXFileReference; lastKnownFileType = text.plist.xml; path = Info.plist; sourceTree = "<group>"; };
		B2E5CE851B14728E0061EC8B /* main.m */ = {isa = PBXFileReference; lastKnownFileType = sourcecode.c.objc; path = main.m; sourceTree = "<group>"; };
		B2E5CE871B14728E0061EC8B /* AppDelegate.h */ = {isa = PBXFileReference; lastKnownFileType = sourcecode.c.h; path = AppDelegate.h; sourceTree = "<group>"; };
		B2E5CE881B14728E0061EC8B /* AppDelegate.m */ = {isa = PBXFileReference; lastKnownFileType = sourcecode.c.objc; path = AppDelegate.m; sourceTree = "<group>"; };
		B2E5CE901B14728E0061EC8B /* Images.xcassets */ = {isa = PBXFileReference; lastKnownFileType = folder.assetcatalog; path = Images.xcassets; sourceTree = "<group>"; };
		B2E5CE931B14728E0061EC8B /* Base */ = {isa = PBXFileReference; lastKnownFileType = file.xib; name = Base; path = Base.lproj/LaunchScreen.xib; sourceTree = "<group>"; };
		B2E5CE991B14728E0061EC8B /* WYNewsTests.xctest */ = {isa = PBXFileReference; explicitFileType = wrapper.cfbundle; includeInIndex = 0; path = WYNewsTests.xctest; sourceTree = BUILT_PRODUCTS_DIR; };
		B2E5CE9E1B14728E0061EC8B /* Info.plist */ = {isa = PBXFileReference; lastKnownFileType = text.plist.xml; path = Info.plist; sourceTree = "<group>"; };
		B2E5CE9F1B14728E0061EC8B /* WYNewsTests.m */ = {isa = PBXFileReference; lastKnownFileType = sourcecode.c.objc; path = WYNewsTests.m; sourceTree = "<group>"; };
		B2E5CEC31B147AB60061EC8B /* WYNewsMainVC.h */ = {isa = PBXFileReference; fileEncoding = 4; lastKnownFileType = sourcecode.c.h; path = WYNewsMainVC.h; sourceTree = "<group>"; };
		B2E5CEC41B147AB60061EC8B /* WYNewsMainVC.m */ = {isa = PBXFileReference; fileEncoding = 4; lastKnownFileType = sourcecode.c.objc; path = WYNewsMainVC.m; sourceTree = "<group>"; };
		B2E5CED31B147ACB0061EC8B /* WYDiscoverVC.h */ = {isa = PBXFileReference; fileEncoding = 4; lastKnownFileType = sourcecode.c.h; path = WYDiscoverVC.h; sourceTree = "<group>"; };
		B2E5CED41B147ACB0061EC8B /* WYDiscoverVC.m */ = {isa = PBXFileReference; fileEncoding = 4; lastKnownFileType = sourcecode.c.objc; path = WYDiscoverVC.m; sourceTree = "<group>"; };
		B2E5CED61B147ADB0061EC8B /* WYMeVC.h */ = {isa = PBXFileReference; fileEncoding = 4; lastKnownFileType = sourcecode.c.h; path = WYMeVC.h; sourceTree = "<group>"; };
		B2E5CED71B147ADB0061EC8B /* WYMeVC.m */ = {isa = PBXFileReference; fileEncoding = 4; lastKnownFileType = sourcecode.c.objc; path = WYMeVC.m; sourceTree = "<group>"; };
		B2E5CED91B147AF00061EC8B /* WYReadVC.h */ = {isa = PBXFileReference; fileEncoding = 4; lastKnownFileType = sourcecode.c.h; path = WYReadVC.h; sourceTree = "<group>"; };
		B2E5CEDA1B147AF00061EC8B /* WYReadVC.m */ = {isa = PBXFileReference; fileEncoding = 4; lastKnownFileType = sourcecode.c.objc; path = WYReadVC.m; sourceTree = "<group>"; };
		B2E5CEDC1B147AFE0061EC8B /* WYVedioVC.h */ = {isa = PBXFileReference; fileEncoding = 4; lastKnownFileType = sourcecode.c.h; path = WYVedioVC.h; sourceTree = "<group>"; };
		B2E5CEDD1B147AFE0061EC8B /* WYVedioVC.m */ = {isa = PBXFileReference; fileEncoding = 4; lastKnownFileType = sourcecode.c.objc; path = WYVedioVC.m; sourceTree = "<group>"; };
		B2E5CEE21B1496180061EC8B /* Dock.h */ = {isa = PBXFileReference; fileEncoding = 4; lastKnownFileType = sourcecode.c.h; path = Dock.h; sourceTree = "<group>"; };
		B2E5CEE31B1496180061EC8B /* Dock.m */ = {isa = PBXFileReference; fileEncoding = 4; lastKnownFileType = sourcecode.c.objc; path = Dock.m; sourceTree = "<group>"; };
		B2E5CEE41B1496180061EC8B /* DockController.h */ = {isa = PBXFileReference; fileEncoding = 4; lastKnownFileType = sourcecode.c.h; path = DockController.h; sourceTree = "<group>"; };
		B2E5CEE51B1496180061EC8B /* DockController.m */ = {isa = PBXFileReference; fileEncoding = 4; lastKnownFileType = sourcecode.c.objc; path = DockController.m; sourceTree = "<group>"; };
		B2E5CEE61B1496180061EC8B /* DockItem.h */ = {isa = PBXFileReference; fileEncoding = 4; lastKnownFileType = sourcecode.c.h; path = DockItem.h; sourceTree = "<group>"; };
		B2E5CEE71B1496180061EC8B /* DockItem.m */ = {isa = PBXFileReference; fileEncoding = 4; lastKnownFileType = sourcecode.c.objc; path = DockItem.m; sourceTree = "<group>"; };
		B2E5CEEB1B1496430061EC8B /* WYMainDockVC.h */ = {isa = PBXFileReference; fileEncoding = 4; lastKnownFileType = sourcecode.c.h; path = WYMainDockVC.h; sourceTree = "<group>"; };
		B2E5CEEC1B1496430061EC8B /* WYMainDockVC.m */ = {isa = PBXFileReference; fileEncoding = 4; lastKnownFileType = sourcecode.c.objc; path = WYMainDockVC.m; sourceTree = "<group>"; };
		B2F1B2141B3D2C8900E98F1B /* WYTabbarController.h */ = {isa = PBXFileReference; fileEncoding = 4; lastKnownFileType = sourcecode.c.h; path = WYTabbarController.h; sourceTree = "<group>"; };
		B2F1B2151B3D2C8900E98F1B /* WYTabbarController.m */ = {isa = PBXFileReference; fileEncoding = 4; lastKnownFileType = sourcecode.c.objc; path = WYTabbarController.m; sourceTree = "<group>"; };
		B2F1B2171B3D2D7200E98F1B /* WYNavigationController.h */ = {isa = PBXFileReference; fileEncoding = 4; lastKnownFileType = sourcecode.c.h; path = WYNavigationController.h; sourceTree = "<group>"; };
		B2F1B2181B3D2D7200E98F1B /* WYNavigationController.m */ = {isa = PBXFileReference; fileEncoding = 4; lastKnownFileType = sourcecode.c.objc; path = WYNavigationController.m; sourceTree = "<group>"; };
		B2F1E3E71B20596E006C893F /* WYButtonChooseView.h */ = {isa = PBXFileReference; fileEncoding = 4; lastKnownFileType = sourcecode.c.h; path = WYButtonChooseView.h; sourceTree = "<group>"; };
		B2F1E3E81B20596E006C893F /* WYButtonChooseView.m */ = {isa = PBXFileReference; fileEncoding = 4; lastKnownFileType = sourcecode.c.objc; path = WYButtonChooseView.m; sourceTree = "<group>"; };
		B2F1E3E91B20596E006C893F /* WYButtonChooseViewController.h */ = {isa = PBXFileReference; fileEncoding = 4; lastKnownFileType = sourcecode.c.h; path = WYButtonChooseViewController.h; sourceTree = "<group>"; };
		B2F1E3EA1B20596E006C893F /* WYButtonChooseViewController.m */ = {isa = PBXFileReference; fileEncoding = 4; lastKnownFileType = sourcecode.c.objc; path = WYButtonChooseViewController.m; sourceTree = "<group>"; };
		B2F1E3EB1B20596E006C893F /* WYLabelButton.h */ = {isa = PBXFileReference; fileEncoding = 4; lastKnownFileType = sourcecode.c.h; path = WYLabelButton.h; sourceTree = "<group>"; };
		B2F1E3EC1B20596E006C893F /* WYLabelButton.m */ = {isa = PBXFileReference; fileEncoding = 4; lastKnownFileType = sourcecode.c.objc; path = WYLabelButton.m; sourceTree = "<group>"; };
		B2F1E3F01B206783006C893F /* WYTopicHeader.h */ = {isa = PBXFileReference; fileEncoding = 4; lastKnownFileType = sourcecode.c.h; path = WYTopicHeader.h; sourceTree = "<group>"; };
		B2F1E3F11B206783006C893F /* WYTopicHeader.m */ = {isa = PBXFileReference; fileEncoding = 4; lastKnownFileType = sourcecode.c.objc; path = WYTopicHeader.m; sourceTree = "<group>"; };
		B2F675CA1B3A5D0300CCD863 /* DeepMutableCopy.h */ = {isa = PBXFileReference; fileEncoding = 4; lastKnownFileType = sourcecode.c.h; path = DeepMutableCopy.h; sourceTree = "<group>"; };
		B2F675CB1B3A5D0300CCD863 /* ICUTemplateMatcher.h */ = {isa = PBXFileReference; fileEncoding = 4; lastKnownFileType = sourcecode.c.h; path = ICUTemplateMatcher.h; sourceTree = "<group>"; };
		B2F675CC1B3A5D0300CCD863 /* ICUTemplateMatcher.m */ = {isa = PBXFileReference; fileEncoding = 4; lastKnownFileType = sourcecode.c.objc; path = ICUTemplateMatcher.m; sourceTree = "<group>"; };
		B2F675CD1B3A5D0300CCD863 /* MGTemplateEngine.h */ = {isa = PBXFileReference; fileEncoding = 4; lastKnownFileType = sourcecode.c.h; path = MGTemplateEngine.h; sourceTree = "<group>"; };
		B2F675CE1B3A5D0300CCD863 /* MGTemplateEngine.m */ = {isa = PBXFileReference; fileEncoding = 4; lastKnownFileType = sourcecode.c.objc; path = MGTemplateEngine.m; sourceTree = "<group>"; };
		B2F675CF1B3A5D0300CCD863 /* MGTemplateFilter.h */ = {isa = PBXFileReference; fileEncoding = 4; lastKnownFileType = sourcecode.c.h; path = MGTemplateFilter.h; sourceTree = "<group>"; };
		B2F675D01B3A5D0300CCD863 /* MGTemplateMarker.h */ = {isa = PBXFileReference; fileEncoding = 4; lastKnownFileType = sourcecode.c.h; path = MGTemplateMarker.h; sourceTree = "<group>"; };
		B2F675D11B3A5D0300CCD863 /* MGTemplateStandardFilters.h */ = {isa = PBXFileReference; fileEncoding = 4; lastKnownFileType = sourcecode.c.h; path = MGTemplateStandardFilters.h; sourceTree = "<group>"; };
		B2F675D21B3A5D0300CCD863 /* MGTemplateStandardFilters.m */ = {isa = PBXFileReference; fileEncoding = 4; lastKnownFileType = sourcecode.c.objc; path = MGTemplateStandardFilters.m; sourceTree = "<group>"; };
		B2F675D31B3A5D0300CCD863 /* MGTemplateStandardMarkers.h */ = {isa = PBXFileReference; fileEncoding = 4; lastKnownFileType = sourcecode.c.h; path = MGTemplateStandardMarkers.h; sourceTree = "<group>"; };
		B2F675D41B3A5D0300CCD863 /* MGTemplateStandardMarkers.m */ = {isa = PBXFileReference; fileEncoding = 4; lastKnownFileType = sourcecode.c.objc; path = MGTemplateStandardMarkers.m; sourceTree = "<group>"; };
		B2F675D51B3A5D0300CCD863 /* NSArray_DeepMutableCopy.h */ = {isa = PBXFileReference; fileEncoding = 4; lastKnownFileType = sourcecode.c.h; path = NSArray_DeepMutableCopy.h; sourceTree = "<group>"; };
		B2F675D61B3A5D0300CCD863 /* NSArray_DeepMutableCopy.m */ = {isa = PBXFileReference; fileEncoding = 4; lastKnownFileType = sourcecode.c.objc; path = NSArray_DeepMutableCopy.m; sourceTree = "<group>"; };
		B2F675D71B3A5D0300CCD863 /* NSDictionary_DeepMutableCopy.h */ = {isa = PBXFileReference; fileEncoding = 4; lastKnownFileType = sourcecode.c.h; path = NSDictionary_DeepMutableCopy.h; sourceTree = "<group>"; };
		B2F675D81B3A5D0300CCD863 /* NSDictionary_DeepMutableCopy.m */ = {isa = PBXFileReference; fileEncoding = 4; lastKnownFileType = sourcecode.c.objc; path = NSDictionary_DeepMutableCopy.m; sourceTree = "<group>"; };
		B2F675E01B3A5D3100CCD863 /* content.css */ = {isa = PBXFileReference; fileEncoding = 4; lastKnownFileType = text.css; path = content.css; sourceTree = "<group>"; };
		B2F675E11B3A5D3100CCD863 /* content.js */ = {isa = PBXFileReference; fileEncoding = 4; lastKnownFileType = sourcecode.javascript; path = content.js; sourceTree = "<group>"; };
		B2F675E21B3A5D3100CCD863 /* content_template.html */ = {isa = PBXFileReference; fileEncoding = 4; lastKnownFileType = text.html; path = content_template.html; sourceTree = "<group>"; };
/* End PBXFileReference section */

/* Begin PBXFrameworksBuildPhase section */
		B2E5CE7D1B14728E0061EC8B /* Frameworks */ = {
			isa = PBXFrameworksBuildPhase;
			buildActionMask = 2147483647;
			files = (
				85208FAEB50CB711415462DE /* libPods-WYNews.a in Frameworks */,
			);
			runOnlyForDeploymentPostprocessing = 0;
		};
		B2E5CE961B14728E0061EC8B /* Frameworks */ = {
			isa = PBXFrameworksBuildPhase;
			buildActionMask = 2147483647;
			files = (
			);
			runOnlyForDeploymentPostprocessing = 0;
		};
/* End PBXFrameworksBuildPhase section */

/* Begin PBXGroup section */
		23A63BBAA30983ACB9801032 /* Pods */ = {
			isa = PBXGroup;
			children = (
				34775D299C3CD5D204EB20AF /* Pods-WYNews.debug.xcconfig */,
				A2847F4BF61BBD0246FF8DAE /* Pods-WYNews.release.xcconfig */,
			);
			name = Pods;
			sourceTree = "<group>";
		};
		3BD97ADACECA616E21CD3B5B /* Frameworks */ = {
			isa = PBXGroup;
			children = (
				52982EBDE6C6ACBCFAE34AF3 /* libPods-WYNewsTests.a */,
				78636776C4DE3C1CBAFBE0BE /* libPods-WYNews.a */,
			);
			name = Frameworks;
			sourceTree = "<group>";
		};
		B208ABA61B395DF60080A401 /* Depends */ = {
			isa = PBXGroup;
			children = (
				B2F675C91B3A5D0300CCD863 /* MGTemplateEngine */,
			);
			path = Depends;
			sourceTree = "<group>";
		};
		B25CA4271B208F860077FEB5 /* Model */ = {
			isa = PBXGroup;
			children = (
				B25CA4281B208F960077FEB5 /* WYModel.h */,
				B25CA4291B208F960077FEB5 /* WYModel.m */,
			);
			path = Model;
			sourceTree = "<group>";
		};
		B29013F61B15A91300A9229F /* WYTemplate */ = {
			isa = PBXGroup;
			children = (
				B25CA4271B208F860077FEB5 /* Model */,
				B29013F71B15A91300A9229F /* Controller */,
				B29013F81B15A91300A9229F /* View */,
			);
			path = WYTemplate;
			sourceTree = "<group>";
		};
		B29013F71B15A91300A9229F /* Controller */ = {
			isa = PBXGroup;
			children = (
			);
			path = Controller;
			sourceTree = "<group>";
		};
		B29013F81B15A91300A9229F /* View */ = {
			isa = PBXGroup;
			children = (
				B29013F91B15A93B00A9229F /* WYBaseScrollView.h */,
				B29013FA1B15A93B00A9229F /* WYBaseScrollView.m */,
				B2073C6A1B26E589000AFB1E /* WYBaseNewsCell.h */,
				B2073C6B1B26E589000AFB1E /* WYBaseNewsCell.m */,
			);
			path = View;
			sourceTree = "<group>";
		};
		B29013FF1B15C24500A9229F /* Tool */ = {
			isa = PBXGroup;
			children = (
				B29014041B15C86700A9229F /* WYtool.h */,
				B29014051B15C86700A9229F /* WYtool.m */,
				B29014001B15C25D00A9229F /* WYNetwork.h */,
				B29014011B15C25D00A9229F /* WYNetwork.m */,
			);
			path = Tool;
			sourceTree = "<group>";
		};
		B2DD1CFB1B31AE8800AB7BE9 /* Catagory */ = {
			isa = PBXGroup;
			children = (
				B21E759C1B325DEE00591D4B /* UIImage+WY.h */,
				B21E759D1B325DEE00591D4B /* UIImage+WY.m */,
			);
			path = Catagory;
			sourceTree = "<group>";
		};
		B2E5CE771B14728E0061EC8B = {
			isa = PBXGroup;
			children = (
				B2E5CE821B14728E0061EC8B /* WYNews */,
				B2E5CE9C1B14728E0061EC8B /* WYNewsTests */,
				B2E5CE811B14728E0061EC8B /* Products */,
				23A63BBAA30983ACB9801032 /* Pods */,
				3BD97ADACECA616E21CD3B5B /* Frameworks */,
			);
			sourceTree = "<group>";
		};
		B2E5CE811B14728E0061EC8B /* Products */ = {
			isa = PBXGroup;
			children = (
				B2E5CE801B14728E0061EC8B /* WYNews.app */,
				B2E5CE991B14728E0061EC8B /* WYNewsTests.xctest */,
			);
			name = Products;
			sourceTree = "<group>";
		};
		B2E5CE821B14728E0061EC8B /* WYNews */ = {
			isa = PBXGroup;
			children = (
				B2F675DF1B3A5D3100CCD863 /* WebSource */,
				B208ABA61B395DF60080A401 /* Depends */,
				B2DD1CFB1B31AE8800AB7BE9 /* Catagory */,
				B29013FF1B15C24500A9229F /* Tool */,
				B29013F61B15A91300A9229F /* WYTemplate */,
				B2E5CEB61B147AB60061EC8B /* Modules */,
				B2E5CE871B14728E0061EC8B /* AppDelegate.h */,
				B2E5CE881B14728E0061EC8B /* AppDelegate.m */,
				B29013EE1B15655700A9229F /* WYCommon.h */,
				B29014031B15C4D900A9229F /* Singleton.h */,
				B25CA4231B208E050077FEB5 /* APIInfo.h */,
				B29013EF1B1565CE00A9229F /* WYNews-prefix.pch */,
				B2E5CE831B14728E0061EC8B /* Supporting Files */,
			);
			path = WYNews;
			sourceTree = "<group>";
		};
		B2E5CE831B14728E0061EC8B /* Supporting Files */ = {
			isa = PBXGroup;
			children = (
				B2E5CE841B14728E0061EC8B /* Info.plist */,
				B2E5CE851B14728E0061EC8B /* main.m */,
				B2E5CE901B14728E0061EC8B /* Images.xcassets */,
				B2E5CE921B14728E0061EC8B /* LaunchScreen.xib */,
			);
			name = "Supporting Files";
			sourceTree = "<group>";
		};
		B2E5CE9C1B14728E0061EC8B /* WYNewsTests */ = {
			isa = PBXGroup;
			children = (
				B2E5CE9F1B14728E0061EC8B /* WYNewsTests.m */,
				B2E5CE9D1B14728E0061EC8B /* Supporting Files */,
			);
			path = WYNewsTests;
			sourceTree = "<group>";
		};
		B2E5CE9D1B14728E0061EC8B /* Supporting Files */ = {
			isa = PBXGroup;
			children = (
				B2E5CE9E1B14728E0061EC8B /* Info.plist */,
			);
			name = "Supporting Files";
			sourceTree = "<group>";
		};
		B2E5CEB61B147AB60061EC8B /* Modules */ = {
			isa = PBXGroup;
			children = (
				B2E5CEDF1B1496180061EC8B /* MainFrame */,
				B2E5CEC11B147AB60061EC8B /* News */,
				B2E5CEB71B147AB60061EC8B /* Discover */,
				B2E5CEBC1B147AB60061EC8B /* Me */,
				B2E5CEC81B147AB60061EC8B /* Read */,
				B2E5CECD1B147AB60061EC8B /* Vedio */,
			);
			path = Modules;
			sourceTree = "<group>";
		};
		B2E5CEB71B147AB60061EC8B /* Discover */ = {
			isa = PBXGroup;
			children = (
				B2E5CEB81B147AB60061EC8B /* Controller */,
				B2E5CEB91B147AB60061EC8B /* Model */,
				B2E5CEBA1B147AB60061EC8B /* Tool */,
				B2E5CEBB1B147AB60061EC8B /* View */,
			);
			path = Discover;
			sourceTree = "<group>";
		};
		B2E5CEB81B147AB60061EC8B /* Controller */ = {
			isa = PBXGroup;
			children = (
				B2E5CED31B147ACB0061EC8B /* WYDiscoverVC.h */,
				B2E5CED41B147ACB0061EC8B /* WYDiscoverVC.m */,
			);
			path = Controller;
			sourceTree = "<group>";
		};
		B2E5CEB91B147AB60061EC8B /* Model */ = {
			isa = PBXGroup;
			children = (
			);
			path = Model;
			sourceTree = "<group>";
		};
		B2E5CEBA1B147AB60061EC8B /* Tool */ = {
			isa = PBXGroup;
			children = (
			);
			path = Tool;
			sourceTree = "<group>";
		};
		B2E5CEBB1B147AB60061EC8B /* View */ = {
			isa = PBXGroup;
			children = (
			);
			path = View;
			sourceTree = "<group>";
		};
		B2E5CEBC1B147AB60061EC8B /* Me */ = {
			isa = PBXGroup;
			children = (
				B2E5CEBD1B147AB60061EC8B /* Controller */,
				B2E5CEBE1B147AB60061EC8B /* Model */,
				B2E5CEBF1B147AB60061EC8B /* Tool */,
				B2E5CEC01B147AB60061EC8B /* View */,
			);
			path = Me;
			sourceTree = "<group>";
		};
		B2E5CEBD1B147AB60061EC8B /* Controller */ = {
			isa = PBXGroup;
			children = (
				B2E5CED61B147ADB0061EC8B /* WYMeVC.h */,
				B2E5CED71B147ADB0061EC8B /* WYMeVC.m */,
			);
			path = Controller;
			sourceTree = "<group>";
		};
		B2E5CEBE1B147AB60061EC8B /* Model */ = {
			isa = PBXGroup;
			children = (
			);
			path = Model;
			sourceTree = "<group>";
		};
		B2E5CEBF1B147AB60061EC8B /* Tool */ = {
			isa = PBXGroup;
			children = (
			);
			path = Tool;
			sourceTree = "<group>";
		};
		B2E5CEC01B147AB60061EC8B /* View */ = {
			isa = PBXGroup;
			children = (
			);
			path = View;
			sourceTree = "<group>";
		};
		B2E5CEC11B147AB60061EC8B /* News */ = {
			isa = PBXGroup;
			children = (
				B2F1E3E61B20596E006C893F /* Widget */,
				B2E5CEC21B147AB60061EC8B /* Controller */,
				B2E5CEC51B147AB60061EC8B /* Model */,
				B2E5CEC61B147AB60061EC8B /* Tool */,
				B2E5CEC71B147AB60061EC8B /* View */,
			);
			path = News;
			sourceTree = "<group>";
		};
		B2E5CEC21B147AB60061EC8B /* Controller */ = {
			isa = PBXGroup;
			children = (
				B2E5CEC31B147AB60061EC8B /* WYNewsMainVC.h */,
				B2E5CEC41B147AB60061EC8B /* WYNewsMainVC.m */,
				B29013FC1B15AB0E00A9229F /* WYNewsTableController.h */,
				B29013FD1B15AB0E00A9229F /* WYNewsTableController.m */,
				B208ABBC1B395EA50080A401 /* WYNewsDetailVC.h */,
				B208ABBD1B395EA50080A401 /* WYNewsDetailVC.m */,
			);
			path = Controller;
			sourceTree = "<group>";
		};
		B2E5CEC51B147AB60061EC8B /* Model */ = {
			isa = PBXGroup;
			children = (
				B29013E91B1562F400A9229F /* NewsURLs.plist */,
				B29014071B15D9E700A9229F /* WYNews.h */,
				B29014081B15D9E700A9229F /* WYNews.m */,
				B208ABC51B3962740080A401 /* WYNewsDetail.h */,
				B208ABC61B3962740080A401 /* WYNewsDetail.m */,
				B25CA4241B208F240077FEB5 /* WYTopic.h */,
				B25CA4251B208F240077FEB5 /* WYTopic.m */,
			);
			path = Model;
			sourceTree = "<group>";
		};
		B2E5CEC61B147AB60061EC8B /* Tool */ = {
			isa = PBXGroup;
			children = (
			);
			path = Tool;
			sourceTree = "<group>";
		};
		B2E5CEC71B147AB60061EC8B /* View */ = {
			isa = PBXGroup;
			children = (
				B2F1E3F01B206783006C893F /* WYTopicHeader.h */,
				B2F1E3F11B206783006C893F /* WYTopicHeader.m */,
				B29013EB1B15641000A9229F /* WYCategoryLabel.h */,
				B29013EC1B15641000A9229F /* WYCategoryLabel.m */,
				B2A6FFFF1B4126E400D0F4C2 /* WYCategoryButton.h */,
				B2A600001B4126E400D0F4C2 /* WYCategoryButton.m */,
				B29013F01B1573A400A9229F /* WYTopicScrollView.h */,
				B29013F11B1573A400A9229F /* WYTopicScrollView.m */,
				B29013F31B15A70800A9229F /* WYNewsScrollView.h */,
				B29013F41B15A70800A9229F /* WYNewsScrollView.m */,
				B2073C631B269916000AFB1E /* WYDefaultNewsCell.h */,
				B2073C641B269916000AFB1E /* WYDefaultNewsCell.m */,
				B2073C661B26C917000AFB1E /* DefaultNews.xib */,
				B2073C6D1B26E7A3000AFB1E /* WYImagesNewsCell.h */,
				B2073C6E1B26E7A3000AFB1E /* WYImagesNewsCell.m */,
				B2073C681B26E06A000AFB1E /* ImagesNews.xib */,
				B2073C701B2723CC000AFB1E /* WYWideImageNewsCell.h */,
				B2073C711B2723CC000AFB1E /* WYWideImageNewsCell.m */,
				B2073C731B2723FC000AFB1E /* WideImageNews.xib */,
			);
			path = View;
			sourceTree = "<group>";
		};
		B2E5CEC81B147AB60061EC8B /* Read */ = {
			isa = PBXGroup;
			children = (
				B2E5CEC91B147AB60061EC8B /* Controller */,
				B2E5CECA1B147AB60061EC8B /* Model */,
				B2E5CECB1B147AB60061EC8B /* Tool */,
				B2E5CECC1B147AB60061EC8B /* View */,
			);
			path = Read;
			sourceTree = "<group>";
		};
		B2E5CEC91B147AB60061EC8B /* Controller */ = {
			isa = PBXGroup;
			children = (
				B2E5CED91B147AF00061EC8B /* WYReadVC.h */,
				B2E5CEDA1B147AF00061EC8B /* WYReadVC.m */,
			);
			path = Controller;
			sourceTree = "<group>";
		};
		B2E5CECA1B147AB60061EC8B /* Model */ = {
			isa = PBXGroup;
			children = (
			);
			path = Model;
			sourceTree = "<group>";
		};
		B2E5CECB1B147AB60061EC8B /* Tool */ = {
			isa = PBXGroup;
			children = (
			);
			path = Tool;
			sourceTree = "<group>";
		};
		B2E5CECC1B147AB60061EC8B /* View */ = {
			isa = PBXGroup;
			children = (
			);
			path = View;
			sourceTree = "<group>";
		};
		B2E5CECD1B147AB60061EC8B /* Vedio */ = {
			isa = PBXGroup;
			children = (
				B2E5CECE1B147AB60061EC8B /* Controller */,
				B2E5CECF1B147AB60061EC8B /* Model */,
				B2E5CED01B147AB60061EC8B /* Tool */,
				B2E5CED11B147AB60061EC8B /* View */,
			);
			path = Vedio;
			sourceTree = "<group>";
		};
		B2E5CECE1B147AB60061EC8B /* Controller */ = {
			isa = PBXGroup;
			children = (
				B2E5CEDC1B147AFE0061EC8B /* WYVedioVC.h */,
				B2E5CEDD1B147AFE0061EC8B /* WYVedioVC.m */,
			);
			path = Controller;
			sourceTree = "<group>";
		};
		B2E5CECF1B147AB60061EC8B /* Model */ = {
			isa = PBXGroup;
			children = (
			);
			path = Model;
			sourceTree = "<group>";
		};
		B2E5CED01B147AB60061EC8B /* Tool */ = {
			isa = PBXGroup;
			children = (
			);
			path = Tool;
			sourceTree = "<group>";
		};
		B2E5CED11B147AB60061EC8B /* View */ = {
			isa = PBXGroup;
			children = (
			);
			path = View;
			sourceTree = "<group>";
		};
		B2E5CEDF1B1496180061EC8B /* MainFrame */ = {
			isa = PBXGroup;
			children = (
				B2E5CEE01B1496180061EC8B /* Controller */,
				B2E5CEE11B1496180061EC8B /* View */,
			);
			path = MainFrame;
			sourceTree = "<group>";
		};
		B2E5CEE01B1496180061EC8B /* Controller */ = {
			isa = PBXGroup;
			children = (
				B2E5CEEB1B1496430061EC8B /* WYMainDockVC.h */,
				B2E5CEEC1B1496430061EC8B /* WYMainDockVC.m */,
				B2F1B2141B3D2C8900E98F1B /* WYTabbarController.h */,
				B2F1B2151B3D2C8900E98F1B /* WYTabbarController.m */,
				B2F1B2171B3D2D7200E98F1B /* WYNavigationController.h */,
				B2F1B2181B3D2D7200E98F1B /* WYNavigationController.m */,
			);
			path = Controller;
			sourceTree = "<group>";
		};
		B2E5CEE11B1496180061EC8B /* View */ = {
			isa = PBXGroup;
			children = (
				B2E5CEE21B1496180061EC8B /* Dock.h */,
				B2E5CEE31B1496180061EC8B /* Dock.m */,
				B2E5CEE41B1496180061EC8B /* DockController.h */,
				B2E5CEE51B1496180061EC8B /* DockController.m */,
				B2E5CEE61B1496180061EC8B /* DockItem.h */,
				B2E5CEE71B1496180061EC8B /* DockItem.m */,
			);
			path = View;
			sourceTree = "<group>";
		};
		B2F1E3E61B20596E006C893F /* Widget */ = {
			isa = PBXGroup;
			children = (
				B2F1E3E71B20596E006C893F /* WYButtonChooseView.h */,
				B2F1E3E81B20596E006C893F /* WYButtonChooseView.m */,
				B2F1E3E91B20596E006C893F /* WYButtonChooseViewController.h */,
				B2F1E3EA1B20596E006C893F /* WYButtonChooseViewController.m */,
				B2F1E3EB1B20596E006C893F /* WYLabelButton.h */,
				B2F1E3EC1B20596E006C893F /* WYLabelButton.m */,
			);
			path = Widget;
			sourceTree = "<group>";
		};
		B2F675C91B3A5D0300CCD863 /* MGTemplateEngine */ = {
			isa = PBXGroup;
			children = (
				B2F675CA1B3A5D0300CCD863 /* DeepMutableCopy.h */,
				B2F675CB1B3A5D0300CCD863 /* ICUTemplateMatcher.h */,
				B2F675CC1B3A5D0300CCD863 /* ICUTemplateMatcher.m */,
				B2F675CD1B3A5D0300CCD863 /* MGTemplateEngine.h */,
				B2F675CE1B3A5D0300CCD863 /* MGTemplateEngine.m */,
				B2F675CF1B3A5D0300CCD863 /* MGTemplateFilter.h */,
				B2F675D01B3A5D0300CCD863 /* MGTemplateMarker.h */,
				B2F675D11B3A5D0300CCD863 /* MGTemplateStandardFilters.h */,
				B2F675D21B3A5D0300CCD863 /* MGTemplateStandardFilters.m */,
				B2F675D31B3A5D0300CCD863 /* MGTemplateStandardMarkers.h */,
				B2F675D41B3A5D0300CCD863 /* MGTemplateStandardMarkers.m */,
				B2F675D51B3A5D0300CCD863 /* NSArray_DeepMutableCopy.h */,
				B2F675D61B3A5D0300CCD863 /* NSArray_DeepMutableCopy.m */,
				B2F675D71B3A5D0300CCD863 /* NSDictionary_DeepMutableCopy.h */,
				B2F675D81B3A5D0300CCD863 /* NSDictionary_DeepMutableCopy.m */,
			);
			path = MGTemplateEngine;
			sourceTree = "<group>";
		};
		B2F675DF1B3A5D3100CCD863 /* WebSource */ = {
			isa = PBXGroup;
			children = (
				B2F675E01B3A5D3100CCD863 /* content.css */,
				B2F675E11B3A5D3100CCD863 /* content.js */,
				B2F675E21B3A5D3100CCD863 /* content_template.html */,
			);
			path = WebSource;
			sourceTree = "<group>";
		};
/* End PBXGroup section */

/* Begin PBXNativeTarget section */
		B2E5CE7F1B14728E0061EC8B /* WYNews */ = {
			isa = PBXNativeTarget;
			buildConfigurationList = B2E5CEA31B14728E0061EC8B /* Build configuration list for PBXNativeTarget "WYNews" */;
			buildPhases = (
				7E5C94A45CAF07F5A9AFCCC9 /* Check Pods Manifest.lock */,
				B2E5CE7C1B14728E0061EC8B /* Sources */,
				B2E5CE7D1B14728E0061EC8B /* Frameworks */,
				B2E5CE7E1B14728E0061EC8B /* Resources */,
				5CB04BCDF5505D609E26F10F /* Copy Pods Resources */,
			);
			buildRules = (
			);
			dependencies = (
			);
			name = WYNews;
			productName = WYNews;
			productReference = B2E5CE801B14728E0061EC8B /* WYNews.app */;
			productType = "com.apple.product-type.application";
		};
		B2E5CE981B14728E0061EC8B /* WYNewsTests */ = {
			isa = PBXNativeTarget;
			buildConfigurationList = B2E5CEA61B14728E0061EC8B /* Build configuration list for PBXNativeTarget "WYNewsTests" */;
			buildPhases = (
				B2E5CE951B14728E0061EC8B /* Sources */,
				B2E5CE961B14728E0061EC8B /* Frameworks */,
				B2E5CE971B14728E0061EC8B /* Resources */,
			);
			buildRules = (
			);
			dependencies = (
				B2E5CE9B1B14728E0061EC8B /* PBXTargetDependency */,
			);
			name = WYNewsTests;
			productName = WYNewsTests;
			productReference = B2E5CE991B14728E0061EC8B /* WYNewsTests.xctest */;
			productType = "com.apple.product-type.bundle.unit-test";
		};
/* End PBXNativeTarget section */

/* Begin PBXProject section */
		B2E5CE781B14728E0061EC8B /* Project object */ = {
			isa = PBXProject;
			attributes = {
				LastUpgradeCheck = 0630;
				ORGANIZATIONNAME = childrenOurFuture;
				TargetAttributes = {
					B2E5CE7F1B14728E0061EC8B = {
						CreatedOnToolsVersion = 6.3.1;
					};
					B2E5CE981B14728E0061EC8B = {
						CreatedOnToolsVersion = 6.3.1;
						TestTargetID = B2E5CE7F1B14728E0061EC8B;
					};
				};
			};
			buildConfigurationList = B2E5CE7B1B14728E0061EC8B /* Build configuration list for PBXProject "WYNews" */;
			compatibilityVersion = "Xcode 3.2";
			developmentRegion = English;
			hasScannedForEncodings = 0;
			knownRegions = (
				en,
				Base,
			);
			mainGroup = B2E5CE771B14728E0061EC8B;
			productRefGroup = B2E5CE811B14728E0061EC8B /* Products */;
			projectDirPath = "";
			projectRoot = "";
			targets = (
				B2E5CE7F1B14728E0061EC8B /* WYNews */,
				B2E5CE981B14728E0061EC8B /* WYNewsTests */,
			);
		};
/* End PBXProject section */

/* Begin PBXResourcesBuildPhase section */
		B2E5CE7E1B14728E0061EC8B /* Resources */ = {
			isa = PBXResourcesBuildPhase;
			buildActionMask = 2147483647;
			files = (
				B2F675E41B3A5D3100CCD863 /* content.js in Resources */,
				B2073C691B26E06A000AFB1E /* ImagesNews.xib in Resources */,
				B2073C671B26C917000AFB1E /* DefaultNews.xib in Resources */,
				B29013EA1B1562F400A9229F /* NewsURLs.plist in Resources */,
				B2F675E51B3A5D3100CCD863 /* content_template.html in Resources */,
				B2073C741B2723FC000AFB1E /* WideImageNews.xib in Resources */,
				B2F675E31B3A5D3100CCD863 /* content.css in Resources */,
				B2E5CE941B14728E0061EC8B /* LaunchScreen.xib in Resources */,
				B2E5CE911B14728E0061EC8B /* Images.xcassets in Resources */,
			);
			runOnlyForDeploymentPostprocessing = 0;
		};
		B2E5CE971B14728E0061EC8B /* Resources */ = {
			isa = PBXResourcesBuildPhase;
			buildActionMask = 2147483647;
			files = (
			);
			runOnlyForDeploymentPostprocessing = 0;
		};
/* End PBXResourcesBuildPhase section */

/* Begin PBXShellScriptBuildPhase section */
		5CB04BCDF5505D609E26F10F /* Copy Pods Resources */ = {
			isa = PBXShellScriptBuildPhase;
			buildActionMask = 2147483647;
			files = (
			);
			inputPaths = (
			);
			name = "Copy Pods Resources";
			outputPaths = (
			);
			runOnlyForDeploymentPostprocessing = 0;
			shellPath = /bin/sh;
			shellScript = "\"${SRCROOT}/Pods/Target Support Files/Pods-WYNews/Pods-WYNews-resources.sh\"\n";
			showEnvVarsInLog = 0;
		};
		7E5C94A45CAF07F5A9AFCCC9 /* Check Pods Manifest.lock */ = {
			isa = PBXShellScriptBuildPhase;
			buildActionMask = 2147483647;
			files = (
			);
			inputPaths = (
			);
			name = "Check Pods Manifest.lock";
			outputPaths = (
			);
			runOnlyForDeploymentPostprocessing = 0;
			shellPath = /bin/sh;
			shellScript = "diff \"${PODS_ROOT}/../Podfile.lock\" \"${PODS_ROOT}/Manifest.lock\" > /dev/null\nif [[ $? != 0 ]] ; then\n    cat << EOM\nerror: The sandbox is not in sync with the Podfile.lock. Run 'pod install' or update your CocoaPods installation.\nEOM\n    exit 1\nfi\n";
			showEnvVarsInLog = 0;
		};
/* End PBXShellScriptBuildPhase section */

/* Begin PBXSourcesBuildPhase section */
		B2E5CE7C1B14728E0061EC8B /* Sources */ = {
			isa = PBXSourcesBuildPhase;
			buildActionMask = 2147483647;
			files = (
				B29013ED1B15641000A9229F /* WYCategoryLabel.m in Sources */,
				B2E5CEDE1B147AFE0061EC8B /* WYVedioVC.m in Sources */,
				B29014061B15C86700A9229F /* WYtool.m in Sources */,
				B2F675DB1B3A5D0300CCD863 /* MGTemplateStandardFilters.m in Sources */,
				B2F675DC1B3A5D0300CCD863 /* MGTemplateStandardMarkers.m in Sources */,
				B25CA4261B208F240077FEB5 /* WYTopic.m in Sources */,
				B208ABC71B3962740080A401 /* WYNewsDetail.m in Sources */,
				B2073C721B2723CC000AFB1E /* WYWideImageNewsCell.m in Sources */,
				B2073C651B269916000AFB1E /* WYDefaultNewsCell.m in Sources */,
				B2F675DA1B3A5D0300CCD863 /* MGTemplateEngine.m in Sources */,
				B2F675DE1B3A5D0300CCD863 /* NSDictionary_DeepMutableCopy.m in Sources */,
				B2F1B2161B3D2C8900E98F1B /* WYTabbarController.m in Sources */,
				B2A600011B4126E400D0F4C2 /* WYCategoryButton.m in Sources */,
				B2F675DD1B3A5D0300CCD863 /* NSArray_DeepMutableCopy.m in Sources */,
				B2E5CE891B14728E0061EC8B /* AppDelegate.m in Sources */,
				B2F1E3EE1B20596E006C893F /* WYButtonChooseViewController.m in Sources */,
				B2E5CEE81B1496180061EC8B /* Dock.m in Sources */,
				B29013F21B1573A400A9229F /* WYTopicScrollView.m in Sources */,
				B2E5CEEA1B1496180061EC8B /* DockItem.m in Sources */,
				B2F675D91B3A5D0300CCD863 /* ICUTemplateMatcher.m in Sources */,
				B2E5CED51B147ACB0061EC8B /* WYDiscoverVC.m in Sources */,
				B2E5CEDB1B147AF00061EC8B /* WYReadVC.m in Sources */,
				B2073C6C1B26E589000AFB1E /* WYBaseNewsCell.m in Sources */,
				B2E5CED21B147AB60061EC8B /* WYNewsMainVC.m in Sources */,
				B2F1E3F21B206783006C893F /* WYTopicHeader.m in Sources */,
				B2E5CED81B147ADB0061EC8B /* WYMeVC.m in Sources */,
				B2073C6F1B26E7A3000AFB1E /* WYImagesNewsCell.m in Sources */,
				B2F1E3ED1B20596E006C893F /* WYButtonChooseView.m in Sources */,
				B25CA42A1B208F960077FEB5 /* WYModel.m in Sources */,
				B29013FB1B15A93B00A9229F /* WYBaseScrollView.m in Sources */,
				B2F1E3EF1B20596E006C893F /* WYLabelButton.m in Sources */,
				B29013FE1B15AB0E00A9229F /* WYNewsTableController.m in Sources */,
				B2F1B2191B3D2D7200E98F1B /* WYNavigationController.m in Sources */,
				B29013F51B15A70800A9229F /* WYNewsScrollView.m in Sources */,
				B2E5CEE91B1496180061EC8B /* DockController.m in Sources */,
				B29014091B15D9E700A9229F /* WYNews.m in Sources */,
				B29014021B15C25D00A9229F /* WYNetwork.m in Sources */,
				B21E759E1B325DEE00591D4B /* UIImage+WY.m in Sources */,
				B2E5CEED1B1496430061EC8B /* WYMainDockVC.m in Sources */,
				B208ABBE1B395EA50080A401 /* WYNewsDetailVC.m in Sources */,
				B2E5CE861B14728E0061EC8B /* main.m in Sources */,
			);
			runOnlyForDeploymentPostprocessing = 0;
		};
		B2E5CE951B14728E0061EC8B /* Sources */ = {
			isa = PBXSourcesBuildPhase;
			buildActionMask = 2147483647;
			files = (
				B2E5CEA01B14728E0061EC8B /* WYNewsTests.m in Sources */,
			);
			runOnlyForDeploymentPostprocessing = 0;
		};
/* End PBXSourcesBuildPhase section */

/* Begin PBXTargetDependency section */
		B2E5CE9B1B14728E0061EC8B /* PBXTargetDependency */ = {
			isa = PBXTargetDependency;
			target = B2E5CE7F1B14728E0061EC8B /* WYNews */;
			targetProxy = B2E5CE9A1B14728E0061EC8B /* PBXContainerItemProxy */;
		};
/* End PBXTargetDependency section */

/* Begin PBXVariantGroup section */
		B2E5CE921B14728E0061EC8B /* LaunchScreen.xib */ = {
			isa = PBXVariantGroup;
			children = (
				B2E5CE931B14728E0061EC8B /* Base */,
			);
			name = LaunchScreen.xib;
			sourceTree = "<group>";
		};
/* End PBXVariantGroup section */

/* Begin XCBuildConfiguration section */
		B2E5CEA11B14728E0061EC8B /* Debug */ = {
			isa = XCBuildConfiguration;
			buildSettings = {
				ALWAYS_SEARCH_USER_PATHS = NO;
				CLANG_CXX_LANGUAGE_STANDARD = "gnu++0x";
				CLANG_CXX_LIBRARY = "libc++";
				CLANG_ENABLE_MODULES = YES;
				CLANG_ENABLE_OBJC_ARC = YES;
				CLANG_WARN_BOOL_CONVERSION = YES;
				CLANG_WARN_CONSTANT_CONVERSION = YES;
				CLANG_WARN_DIRECT_OBJC_ISA_USAGE = YES_ERROR;
				CLANG_WARN_EMPTY_BODY = YES;
				CLANG_WARN_ENUM_CONVERSION = YES;
				CLANG_WARN_INT_CONVERSION = YES;
				CLANG_WARN_OBJC_ROOT_CLASS = YES_ERROR;
				CLANG_WARN_UNREACHABLE_CODE = YES;
				CLANG_WARN__DUPLICATE_METHOD_MATCH = YES;
				"CODE_SIGN_IDENTITY[sdk=iphoneos*]" = "iPhone Developer";
				COPY_PHASE_STRIP = NO;
				DEBUG_INFORMATION_FORMAT = "dwarf-with-dsym";
				ENABLE_STRICT_OBJC_MSGSEND = YES;
				GCC_C_LANGUAGE_STANDARD = gnu99;
				GCC_DYNAMIC_NO_PIC = NO;
				GCC_NO_COMMON_BLOCKS = YES;
				GCC_OPTIMIZATION_LEVEL = 0;
				GCC_PREPROCESSOR_DEFINITIONS = (
					"DEBUG=1",
					"$(inherited)",
				);
				GCC_SYMBOLS_PRIVATE_EXTERN = NO;
				GCC_WARN_64_TO_32_BIT_CONVERSION = YES;
				GCC_WARN_ABOUT_RETURN_TYPE = YES_ERROR;
				GCC_WARN_UNDECLARED_SELECTOR = YES;
				GCC_WARN_UNINITIALIZED_AUTOS = YES_AGGRESSIVE;
				GCC_WARN_UNUSED_FUNCTION = YES;
				GCC_WARN_UNUSED_VARIABLE = YES;
				IPHONEOS_DEPLOYMENT_TARGET = 8.3;
				MTL_ENABLE_DEBUG_INFO = YES;
				ONLY_ACTIVE_ARCH = YES;
				SDKROOT = iphoneos;
			};
			name = Debug;
		};
		B2E5CEA21B14728E0061EC8B /* Release */ = {
			isa = XCBuildConfiguration;
			buildSettings = {
				ALWAYS_SEARCH_USER_PATHS = NO;
				CLANG_CXX_LANGUAGE_STANDARD = "gnu++0x";
				CLANG_CXX_LIBRARY = "libc++";
				CLANG_ENABLE_MODULES = YES;
				CLANG_ENABLE_OBJC_ARC = YES;
				CLANG_WARN_BOOL_CONVERSION = YES;
				CLANG_WARN_CONSTANT_CONVERSION = YES;
				CLANG_WARN_DIRECT_OBJC_ISA_USAGE = YES_ERROR;
				CLANG_WARN_EMPTY_BODY = YES;
				CLANG_WARN_ENUM_CONVERSION = YES;
				CLANG_WARN_INT_CONVERSION = YES;
				CLANG_WARN_OBJC_ROOT_CLASS = YES_ERROR;
				CLANG_WARN_UNREACHABLE_CODE = YES;
				CLANG_WARN__DUPLICATE_METHOD_MATCH = YES;
				"CODE_SIGN_IDENTITY[sdk=iphoneos*]" = "iPhone Developer";
				COPY_PHASE_STRIP = NO;
				DEBUG_INFORMATION_FORMAT = "dwarf-with-dsym";
				ENABLE_NS_ASSERTIONS = NO;
				ENABLE_STRICT_OBJC_MSGSEND = YES;
				GCC_C_LANGUAGE_STANDARD = gnu99;
				GCC_NO_COMMON_BLOCKS = YES;
				GCC_WARN_64_TO_32_BIT_CONVERSION = YES;
				GCC_WARN_ABOUT_RETURN_TYPE = YES_ERROR;
				GCC_WARN_UNDECLARED_SELECTOR = YES;
				GCC_WARN_UNINITIALIZED_AUTOS = YES_AGGRESSIVE;
				GCC_WARN_UNUSED_FUNCTION = YES;
				GCC_WARN_UNUSED_VARIABLE = YES;
				IPHONEOS_DEPLOYMENT_TARGET = 8.3;
				MTL_ENABLE_DEBUG_INFO = NO;
				SDKROOT = iphoneos;
				VALIDATE_PRODUCT = YES;
			};
			name = Release;
		};
		B2E5CEA41B14728E0061EC8B /* Debug */ = {
			isa = XCBuildConfiguration;
			baseConfigurationReference = 34775D299C3CD5D204EB20AF /* Pods-WYNews.debug.xcconfig */;
			buildSettings = {
				ALWAYS_SEARCH_USER_PATHS = NO;
				ASSETCATALOG_COMPILER_APPICON_NAME = AppIcon;
				ASSETCATALOG_COMPILER_LAUNCHIMAGE_NAME = LaunchImage;
				EXECUTABLE_PREFIX = "";
				GCC_PRECOMPILE_PREFIX_HEADER = YES;
				GCC_PREFIX_HEADER = "WYNews/WYNews-prefix.pch";
				HEADER_SEARCH_PATHS = (
					"$(inherited)",
					/Applications/Xcode.app/Contents/Developer/Toolchains/XcodeDefault.xctoolchain/usr/include,
				);
				INFOPLIST_FILE = WYNews/Info.plist;
				LD_RUNPATH_SEARCH_PATHS = "$(inherited) @executable_path/Frameworks";
				PRODUCT_NAME = "$(TARGET_NAME)";
				USER_HEADER_SEARCH_PATHS = "";
			};
			name = Debug;
		};
		B2E5CEA51B14728E0061EC8B /* Release */ = {
			isa = XCBuildConfiguration;
			baseConfigurationReference = A2847F4BF61BBD0246FF8DAE /* Pods-WYNews.release.xcconfig */;
			buildSettings = {
				ALWAYS_SEARCH_USER_PATHS = NO;
				ASSETCATALOG_COMPILER_APPICON_NAME = AppIcon;
				ASSETCATALOG_COMPILER_LAUNCHIMAGE_NAME = LaunchImage;
				EXECUTABLE_PREFIX = "";
				GCC_PRECOMPILE_PREFIX_HEADER = YES;
				GCC_PREFIX_HEADER = "WYNews/WYNews-prefix.pch";
				HEADER_SEARCH_PATHS = (
					"$(inherited)",
					/Applications/Xcode.app/Contents/Developer/Toolchains/XcodeDefault.xctoolchain/usr/include,
				);
				INFOPLIST_FILE = WYNews/Info.plist;
				LD_RUNPATH_SEARCH_PATHS = "$(inherited) @executable_path/Frameworks";
				PRODUCT_NAME = "$(TARGET_NAME)";
				USER_HEADER_SEARCH_PATHS = "";
			};
			name = Release;
		};
		B2E5CEA71B14728E0061EC8B /* Debug */ = {
			isa = XCBuildConfiguration;
			buildSettings = {
				BUNDLE_LOADER = "$(TEST_HOST)";
				FRAMEWORK_SEARCH_PATHS = (
					"$(SDKROOT)/Developer/Library/Frameworks",
					"$(inherited)",
				);
				GCC_PREPROCESSOR_DEFINITIONS = (
					"DEBUG=1",
					"$(inherited)",
				);
				INFOPLIST_FILE = WYNewsTests/Info.plist;
				LD_RUNPATH_SEARCH_PATHS = "$(inherited) @executable_path/Frameworks @loader_path/Frameworks";
				PRODUCT_NAME = "$(TARGET_NAME)";
				TEST_HOST = "$(BUILT_PRODUCTS_DIR)/WYNews.app/WYNews";
			};
			name = Debug;
		};
		B2E5CEA81B14728E0061EC8B /* Release */ = {
			isa = XCBuildConfiguration;
			buildSettings = {
				BUNDLE_LOADER = "$(TEST_HOST)";
				FRAMEWORK_SEARCH_PATHS = (
					"$(SDKROOT)/Developer/Library/Frameworks",
					"$(inherited)",
				);
				INFOPLIST_FILE = WYNewsTests/Info.plist;
				LD_RUNPATH_SEARCH_PATHS = "$(inherited) @executable_path/Frameworks @loader_path/Frameworks";
				PRODUCT_NAME = "$(TARGET_NAME)";
				TEST_HOST = "$(BUILT_PRODUCTS_DIR)/WYNews.app/WYNews";
			};
			name = Release;
		};
/* End XCBuildConfiguration section */

/* Begin XCConfigurationList section */
		B2E5CE7B1B14728E0061EC8B /* Build configuration list for PBXProject "WYNews" */ = {
			isa = XCConfigurationList;
			buildConfigurations = (
				B2E5CEA11B14728E0061EC8B /* Debug */,
				B2E5CEA21B14728E0061EC8B /* Release */,
			);
			defaultConfigurationIsVisible = 0;
			defaultConfigurationName = Release;
		};
		B2E5CEA31B14728E0061EC8B /* Build configuration list for PBXNativeTarget "WYNews" */ = {
			isa = XCConfigurationList;
			buildConfigurations = (
				B2E5CEA41B14728E0061EC8B /* Debug */,
				B2E5CEA51B14728E0061EC8B /* Release */,
			);
			defaultConfigurationIsVisible = 0;
			defaultConfigurationName = Release;
		};
		B2E5CEA61B14728E0061EC8B /* Build configuration list for PBXNativeTarget "WYNewsTests" */ = {
			isa = XCConfigurationList;
			buildConfigurations = (
				B2E5CEA71B14728E0061EC8B /* Debug */,
				B2E5CEA81B14728E0061EC8B /* Release */,
			);
			defaultConfigurationIsVisible = 0;
			defaultConfigurationName = Release;
		};
/* End XCConfigurationList section */
	};
	rootObject = B2E5CE781B14728E0061EC8B /* Project object */;
}
